lockfileVersion: '9.0'

settings:
  autoInstallPeers: true
  excludeLinksFromLockfile: false

importers:

  .:
    dependencies:
      superpowers:
        specifier: github:obra/superpowers#v6.3.0
        version: git+ssh://git@github.com/obra/superpowers.git#b36e0829c6d0140e93cfef2ca599b1b07d4a7797

packages:

  superpowers@git+ssh://git@github.com/obra/superpowers.git#b36e0829c6d0140e93cfef2ca599b1b07d4a7797:
    resolution: {commit: b36e0829c6d0140e93cfef2ca599b1b07d4a7797, repo: git@github.com:obra/superpowers.git, type: git}
    version: 6.3.0

snapshots:

  superpowers@git+ssh://git@github.com/obra/superpowers.git#b36e0829c6d0140e93cfef2ca599b1b07d4a7797: {}
